{
  "name": "fs",
  "version": "0.0.1-security",
  "lockfileVersion": 3,
  "requires": true,
  "packages": {
    "": {
      "name": "fs",
      "version": "0.0.1-security",
      "license": "ISC",
      "dependencies": {
        "fs": "file:"
      }
    },
    "node_modules/fs": {
      "resolved": "",
      "link": true
    }
  }
}
