{
  "name": "fullcalendar",
  "version": "5.10.1",
  "lockfileVersion": 3,
  "requires": true,
  "packages": {
    "": {
      "name": "fullcalendar",
      "version": "5.10.1",
      "license": "MIT",
      "dependencies": {
        "fullcalendar": "file:"
      },
      "devDependencies": {
        "@fullcalendar/bootstrap": "~5.10.1",
        "@fullcalendar/core": "~5.10.1",
        "@fullcalendar/daygrid": "~5.10.1",
        "@fullcalendar/google-calendar": "~5.10.1",
        "@fullcalendar/interaction": "~5.10.1",
        "@fullcalendar/list": "~5.10.1",
        "@fullcalendar/timegrid": "~5.10.1"
      }
    },
    "node_modules/@fullcalendar/bootstrap": {
      "version": "5.10.1",
      "resolved": "https://registry.npmjs.org/@fullcalendar/bootstrap/-/bootstrap-5.10.1.tgz",
      "integrity": "sha512-KQRFRc/uiOw+jhcdt3oVIJMXcchsIgoet0nYfo8TRGisP5ZJ7DLoXl4iEVah/DFVkjqSyjre4iNsWzat2U4aww==",
      "dev": true,
      "dependencies": {
        "@fullcalendar/common": "~5.10.1",
        "tslib": "^2.1.0"
      }
    },
    "node_modules/@fullcalendar/common": {
      "version": "5.10.1",
      "resolved": "https://registry.npmjs.org/@fullcalendar/common/-/common-5.10.1.tgz",
      "integrity": "sha512-EumKIJcQTvQdTs75/9dmeREFgjcRVWzqHJS1Xvlz5mNsmB+w9EINCHETRjChtAQg1WD/lTQyVj4sHsKO7vCMSw==",
      "dev": true,
      "dependencies": {
        "tslib": "^2.1.0"
      }
    },
    "node_modules/@fullcalendar/core": {
      "version": "5.10.1",
      "resolved": "https://registry.npmjs.org/@fullcalendar/core/-/core-5.10.1.tgz",
      "integrity": "sha512-8sVuC6ywXV+cxqsqTZaR1hgUqeyjVed20NyZ7lGW9AY0kma1GIEwLgqPS5Q6uVhHyin68lmgecKfJCwhxENE8w==",
      "dev": true,
      "dependencies": {
        "@fullcalendar/common": "~5.10.1",
        "preact": "^10.0.5",
        "tslib": "^2.1.0"
      }
    },
    "node_modules/@fullcalendar/daygrid": {
      "version": "5.10.1",
      "resolved": "https://registry.npmjs.org/@fullcalendar/daygrid/-/daygrid-5.10.1.tgz",
      "integrity": "sha512-sfUMP+rew0krsBffgNcWWKhBCiyytGfRKZJoc64E8ohX7VWjPcPZuB1xgO5U4wPLmNkT0rZiHoGeQGTXw1+ZKg==",
      "dev": true,
      "dependencies": {
        "@fullcalendar/common": "~5.10.1",
        "tslib": "^2.1.0"
      }
    },
    "node_modules/@fullcalendar/google-calendar": {
      "version": "5.10.1",
      "resolved": "https://registry.npmjs.org/@fullcalendar/google-calendar/-/google-calendar-5.10.1.tgz",
      "integrity": "sha512-QqP90uJs62h6M3qw/XmszXgyw1bhfbf8qIUiKarsSWDkG4lhVzsxztHoZR2oteExO/BJKj8p7IPtpxJ5cOeKng==",
      "dev": true,
      "dependencies": {
        "@fullcalendar/common": "~5.10.1",
        "tslib": "^2.1.0"
      }
    },
    "node_modules/@fullcalendar/interaction": {
      "version": "5.10.1",
      "resolved": "https://registry.npmjs.org/@fullcalendar/interaction/-/interaction-5.10.1.tgz",
      "integrity": "sha512-H1g1QeXg7yXtUcKmVtfg7uzm5R5ElFTvYniiXU+8kJda69IDg7Lee+Y7UDv5dvLb5/HxO86RhPVxRtcOQ8XdXw==",
      "dev": true,
      "dependencies": {
        "@fullcalendar/common": "~5.10.1",
        "tslib": "^2.1.0"
      }
    },
    "node_modules/@fullcalendar/list": {
      "version": "5.10.1",
      "resolved": "https://registry.npmjs.org/@fullcalendar/list/-/list-5.10.1.tgz",
      "integrity": "sha512-sB+AzM9P1nzGIzwVFNN8Zbocg5lkVQftyuJAZtULgu9o9e1rH/Aqsxt9Itf00N3WmMOh8H1LlnRpZF5kGu/j2w==",
      "dev": true,
      "dependencies": {
        "@fullcalendar/common": "~5.10.1",
        "tslib": "^2.1.0"
      }
    },
    "node_modules/@fullcalendar/timegrid": {
      "version": "5.10.1",
      "resolved": "https://registry.npmjs.org/@fullcalendar/timegrid/-/timegrid-5.10.1.tgz",
      "integrity": "sha512-0O0m+JzFBlg8gxYr/rIjZViRlbndCtjZlDjjIylQHFBeWC32e3cpHEavKGbTIBLN8SDilUYAJnE21abSqC2G/w==",
      "dev": true,
      "dependencies": {
        "@fullcalendar/common": "~5.10.1",
        "@fullcalendar/daygrid": "~5.10.1",
        "tslib": "^2.1.0"
      }
    },
    "node_modules/fullcalendar": {
      "resolved": "",
      "link": true
    },
    "node_modules/preact": {
      "version": "10.24.0",
      "resolved": "https://registry.npmjs.org/preact/-/preact-10.24.0.tgz",
      "integrity": "sha512-aK8Cf+jkfyuZ0ZZRG9FbYqwmEiGQ4y/PUO4SuTWoyWL244nZZh7bd5h2APd4rSNDYTBNghg1L+5iJN3Skxtbsw==",
      "dev": true,
      "funding": {
        "type": "opencollective",
        "url": "https://opencollective.com/preact"
      }
    },
    "node_modules/tslib": {
      "version": "2.7.0",
      "resolved": "https://registry.npmjs.org/tslib/-/tslib-2.7.0.tgz",
      "integrity": "sha512-gLXCKdN1/j47AiHiOkJN69hJmcbGTHI0ImLmbYLHykhgeN0jVGola9yVjFgzCUklsZQMW55o+dW7IXv3RCXDzA==",
      "dev": true
    }
  }
}
