{
    "_readme": [
        "This file locks the dependencies of your project to a known state",
        "Read more about it at https://getcomposer.org/doc/01-basic-usage.md#installing-dependencies",
        "This file is @generated automatically"
    ],
    "content-hash": "59d2da5c47e19c6f426cae7615895c7e",
    "packages": [
        {
            "name": "firephp/firephp-core",
            "version": "v0.5.3",
            "source": {
                "type": "git",
                "url": "https://github.com/firephp/firephp-core.git",
                "reference": "2585b6868fe7d3a9d1432b738c3cc547444d0348"
            },
            "dist": {
                "type": "zip",
                "url": "https://api.github.com/repos/firephp/firephp-core/zipball/2585b6868fe7d3a9d1432b738c3cc547444d0348",
                "reference": "2585b6868fe7d3a9d1432b738c3cc547444d0348",
                "shasum": ""
            },
            "require-dev": {
                "phpunit/phpunit": "^8"
            },
            "type": "library",
            "autoload": {
                "files": [
                    "lib/FirePHPCore/fb.php"
                ],
                "classmap": [
                    "lib/FirePHPCore/FirePHP.class.php",
                    "lib/FirePHPCore/FirePHP_TestWrapper.class.php",
                    "lib/FirePHPCore/fb.php"
                ]
            },
            "notification-url": "https://packagist.org/downloads/",
            "license": [
                "MIT"
            ],
            "authors": [
                {
                    "name": "Christoph Dorn",
                    "email": "christoph@christophdorn.com",
                    "homepage": "http://christophdorn.com"
                }
            ],
            "description": "Minimal library for sending PHP variables to browsers.",
            "homepage": "https://github.com/firephp/firephp-core",
            "support": {
                "issues": "https://github.com/firephp/firephp-core/issues",
                "source": "https://github.com/firephp/firephp-core"
            },
            "time": "2020-01-17T18:11:55+00:00"
        },
        {
            "name": "masterexploder/phpthumb",
            "version": "2.1",
            "source": {
                "type": "git",
                "url": "https://github.com/masterexploder/PHPThumb.git",
                "reference": "01f6aa65aa3d136e175f67da2b4ea3e316770d02"
            },
            "dist": {
                "type": "zip",
                "url": "https://api.github.com/repos/masterexploder/PHPThumb/zipball/01f6aa65aa3d136e175f67da2b4ea3e316770d02",
                "reference": "01f6aa65aa3d136e175f67da2b4ea3e316770d02",
                "shasum": ""
            },
            "require": {
                "php": ">=5.3.0"
            },
            "type": "library",
            "autoload": {
                "psr-0": {
                    "PHPThumb": "src",
                    "PHPThumb\\Tests": "tests"
                }
            },
            "notification-url": "https://packagist.org/downloads/",
            "license": [
                "MIT"
            ],
            "authors": [
                {
                    "name": "Jarrod Nettles",
                    "email": "jarrod.nettles@icloud.com"
                },
                {
                    "name": "Ian Selby",
                    "email": "ian@gxdlabs.com"
                }
            ],
            "description": "A library for manipulating images in PHP.",
            "homepage": "https://github.com/masterexploder/PHPThumb",
            "keywords": [
                "image",
                "resize",
                "rotate"
            ],
            "support": {
                "issues": "https://github.com/masterexploder/PHPThumb/issues",
                "source": "https://github.com/masterexploder/PHPThumb/tree/2.1"
            },
            "time": "2015-09-08T22:55:44+00:00"
        },
        {
            "name": "spipu/html2pdf",
            "version": "v4.6.1",
            "source": {
                "type": "git",
                "url": "https://github.com/spipu/html2pdf.git",
                "reference": "4898439e170ebf032513b8d3a83f0f5ffe85fece"
            },
            "dist": {
                "type": "zip",
                "url": "https://api.github.com/repos/spipu/html2pdf/zipball/4898439e170ebf032513b8d3a83f0f5ffe85fece",
                "reference": "4898439e170ebf032513b8d3a83f0f5ffe85fece",
                "shasum": ""
            },
            "require": {
                "php": ">=5.3.2",
                "tecnickcom/tcpdf": "~6.2.0"
            },
            "suggest": {
                "ext-gd": "Allows to embed images into the PDF",
                "fagundes/zff-html2pdf": "zff-html2pdf module ~0.1.1, if you need to integrate HTML2PDF with Zend Framework 2 (zf2)"
            },
            "type": "library",
            "autoload": {
                "files": [
                    "html2pdf.class.php",
                    "_class/exception.class.php",
                    "_class/locale.class.php",
                    "_class/myPdf.class.php",
                    "_class/parsingHtml.class.php",
                    "_class/parsingCss.class.php"
                ]
            },
            "notification-url": "https://packagist.org/downloads/",
            "license": [
                "LGPL"
            ],
            "authors": [
                {
                    "name": "Spipu",
                    "homepage": "https://github.com/spipu",
                    "role": "Developer"
                }
            ],
            "description": "HTML2PDF is a HTML to PDF converter written in PHP5 (it uses TCPDF). OFFICIAL PACKAGE",
            "homepage": "http://html2pdf.fr/",
            "keywords": [
                "html",
                "html2pdf",
                "pdf"
            ],
            "support": {
                "issues": "https://github.com/spipu/html2pdf/issues",
                "source": "https://github.com/spipu/html2pdf/tree/4.6"
            },
            "time": "2016-04-05T12:25:17+00:00"
        },
        {
            "name": "stefangabos/zebra_pagination",
            "version": "2.4.7",
            "source": {
                "type": "git",
                "url": "https://github.com/stefangabos/Zebra_Pagination.git",
                "reference": "b99fb5c887a2fb985b48d2f3844cf73011090213"
            },
            "dist": {
                "type": "zip",
                "url": "https://api.github.com/repos/stefangabos/Zebra_Pagination/zipball/b99fb5c887a2fb985b48d2f3844cf73011090213",
                "reference": "b99fb5c887a2fb985b48d2f3844cf73011090213",
                "shasum": ""
            },
            "require": {
                "php": ">=5"
            },
            "require-dev": {
                "phpstan/phpstan": "^1.8",
                "squizlabs/php_codesniffer": "*"
            },
            "type": "library",
            "autoload": {
                "classmap": [
                    "Zebra_Pagination.php"
                ]
            },
            "notification-url": "https://packagist.org/downloads/",
            "license": [
                "LGPL-3.0"
            ],
            "authors": [
                {
                    "name": "Stefan Gabos",
                    "email": "contact@stefangabos.ro",
                    "homepage": "https://github.com/stefangabos",
                    "role": "Developer"
                }
            ],
            "description": "A generic, Twitter Bootstrap compatible, PHP pagination library that automatically generates navigation links",
            "homepage": "https://github.com/stefangabos/Zebra_Pagination",
            "keywords": [
                "paginate",
                "pagination",
                "paginator",
                "paging",
                "php"
            ],
            "support": {
                "issues": "https://github.com/stefangabos/Zebra_Pagination/issues",
                "source": "https://github.com/stefangabos/Zebra_Pagination/tree/2.4.7"
            },
            "funding": [
                {
                    "url": "https://github.com/stefangabos",
                    "type": "github"
                }
            ],
            "time": "2024-01-19T12:20:51+00:00"
        },
        {
            "name": "tecnickcom/tcpdf",
            "version": "6.2.26",
            "source": {
                "type": "git",
                "url": "https://github.com/tecnickcom/TCPDF.git",
                "reference": "367241059ca166e3a76490f4448c284e0a161f15"
            },
            "dist": {
                "type": "zip",
                "url": "https://api.github.com/repos/tecnickcom/TCPDF/zipball/367241059ca166e3a76490f4448c284e0a161f15",
                "reference": "367241059ca166e3a76490f4448c284e0a161f15",
                "shasum": ""
            },
            "require": {
                "php": ">=5.3.0"
            },
            "type": "library",
            "autoload": {
                "classmap": [
                    "config",
                    "include",
                    "tcpdf.php",
                    "tcpdf_parser.php",
                    "tcpdf_import.php",
                    "tcpdf_barcodes_1d.php",
                    "tcpdf_barcodes_2d.php",
                    "include/tcpdf_colors.php",
                    "include/tcpdf_filters.php",
                    "include/tcpdf_font_data.php",
                    "include/tcpdf_fonts.php",
                    "include/tcpdf_images.php",
                    "include/tcpdf_static.php",
                    "include/barcodes/datamatrix.php",
                    "include/barcodes/pdf417.php",
                    "include/barcodes/qrcode.php"
                ]
            },
            "notification-url": "https://packagist.org/downloads/",
            "license": [
                "LGPL-3.0"
            ],
            "authors": [
                {
                    "name": "Nicola Asuni",
                    "email": "info@tecnick.com",
                    "role": "lead"
                }
            ],
            "description": "TCPDF is a PHP class for generating PDF documents and barcodes.",
            "homepage": "http://www.tcpdf.org/",
            "keywords": [
                "PDFD32000-2008",
                "TCPDF",
                "barcodes",
                "datamatrix",
                "pdf",
                "pdf417",
                "qrcode"
            ],
            "support": {
                "source": "https://github.com/tecnickcom/TCPDF/tree/master"
            },
            "time": "2018-10-16T17:24:05+00:00"
        }
    ],
    "packages-dev": [],
    "aliases": [],
    "minimum-stability": "stable",
    "stability-flags": [],
    "prefer-stable": false,
    "prefer-lowest": false,
    "platform": [],
    "platform-dev": [],
    "plugin-api-version": "2.6.0"
}
